
Microsoft Visual Studio Solution File, Format Version 12.00
# Visual Studio Version 17
VisualStudioVersion = 17.11.35312.102
MinimumVisualStudioVersion = 10.0.40219.1
Project("{FAE04EC0-301F-11D3-BF4B-00C04F79EFBC}") = "User_Manegement_System", "User_Manegement_System\User_Manegement_System.csproj", "{99DA266E-A4F3-41BA-80E8-2BF964410B43}"
EndProject
Global
	GlobalSection(SolutionConfigurationPlatforms) = preSolution
		Debug|Any CPU = Debug|Any CPU
		Release|Any CPU = Release|Any CPU
	EndGlobalSection
	GlobalSection(ProjectConfigurationPlatforms) = postSolution
		{99DA266E-A4F3-41BA-80E8-2BF964410B43}.Debug|Any CPU.ActiveCfg = Debug|Any CPU
		{99DA266E-A4F3-41BA-80E8-2BF964410B43}.Debug|Any CPU.Build.0 = Debug|Any CPU
		{99DA266E-A4F3-41BA-80E8-2BF964410B43}.Release|Any CPU.ActiveCfg = Release|Any CPU
		{99DA266E-A4F3-41BA-80E8-2BF964410B43}.Release|Any CPU.Build.0 = Release|Any CPU
	EndGlobalSection
	GlobalSection(SolutionProperties) = preSolution
		HideSolutionNode = FALSE
	EndGlobalSection
	GlobalSection(ExtensibilityGlobals) = postSolution
		SolutionGuid = {09C03741-B33B-4FB7-8D60-330ED1BDDC9F}
	EndGlobalSection
EndGlobal
